
Microsoft Visual Studio Solution File, Format Version 12.00
# Visual Studio Version 17
VisualStudioVersion = 17.11.35312.102
MinimumVisualStudioVersion = 10.0.40219.1
Project("{FAE04EC0-301F-11D3-BF4B-00C04F79EFBC}") = "Licence", "Licence\Licence.csproj", "{A2A66C42-F454-492F-A863-79F766B9C711}"
EndProject
Global
	GlobalSection(SolutionConfigurationPlatforms) = preSolution
		Debug|Any CPU = Debug|Any CPU
		Release|Any CPU = Release|Any CPU
	EndGlobalSection
	GlobalSection(ProjectConfigurationPlatforms) = postSolution
		{A2A66C42-F454-492F-A863-79F766B9C711}.Debug|Any CPU.ActiveCfg = Debug|Any CPU
		{A2A66C42-F454-492F-A863-79F766B9C711}.Debug|Any CPU.Build.0 = Debug|Any CPU
		{A2A66C42-F454-492F-A863-79F766B9C711}.Release|Any CPU.ActiveCfg = Release|Any CPU
		{A2A66C42-F454-492F-A863-79F766B9C711}.Release|Any CPU.Build.0 = Release|Any CPU
	EndGlobalSection
	GlobalSection(SolutionProperties) = preSolution
		HideSolutionNode = FALSE
	EndGlobalSection
	GlobalSection(ExtensibilityGlobals) = postSolution
		SolutionGuid = {5D52A5F6-FA77-4DE5-9833-C33BF3E2DE1A}
	EndGlobalSection
EndGlobal
